{
  "name": "view-english",
  "lockfileVersion": 2,
  "requires": true,
  "packages": {
    "": {
      "dependencies": {
        "hotkeys-js": "^3.9.3",
        "js-cookie": "^3.0.1",
        "uniq": "^1.0.1"
      }
    },
    "node_modules/hotkeys-js": {
      "version": "3.9.3",
      "resolved": "https://registry.npmjs.org/hotkeys-js/-/hotkeys-js-3.9.3.tgz",
      "integrity": "sha512-s+f0xyvDmf6+DyrFQ2SY+eA7lbvMbjqkqi0I0SpMgnN5tZx7DeH8nsWhkJR4KEq3pxDPHJppDUhdt1rZFW5LeQ=="
    },
    "node_modules/js-cookie": {
      "version": "3.0.1",
      "resolved": "https://registry.npmjs.org/js-cookie/-/js-cookie-3.0.1.tgz",
      "integrity": "sha512-+0rgsUXZu4ncpPxRL+lNEptWMOWl9etvPHc/koSRp6MPwpRYAhmk0dUG00J4bxVV3r9uUzfo24wW0knS07SKSw==",
      "engines": {
        "node": ">=12"
      }
    },
    "node_modules/uniq": {
      "version": "1.0.1",
      "resolved": "https://registry.npmjs.org/uniq/-/uniq-1.0.1.tgz",
      "integrity": "sha1-sxxa6CVIRKOoKBVBzisEuGWnNP8="
    }
  },
  "dependencies": {
    "hotkeys-js": {
      "version": "3.9.3",
      "resolved": "https://registry.npmjs.org/hotkeys-js/-/hotkeys-js-3.9.3.tgz",
      "integrity": "sha512-s+f0xyvDmf6+DyrFQ2SY+eA7lbvMbjqkqi0I0SpMgnN5tZx7DeH8nsWhkJR4KEq3pxDPHJppDUhdt1rZFW5LeQ=="
    },
    "js-cookie": {
      "version": "3.0.1",
      "resolved": "https://registry.npmjs.org/js-cookie/-/js-cookie-3.0.1.tgz",
      "integrity": "sha512-+0rgsUXZu4ncpPxRL+lNEptWMOWl9etvPHc/koSRp6MPwpRYAhmk0dUG00J4bxVV3r9uUzfo24wW0knS07SKSw=="
    },
    "uniq": {
      "version": "1.0.1",
      "resolved": "https://registry.npmjs.org/uniq/-/uniq-1.0.1.tgz",
      "integrity": "sha1-sxxa6CVIRKOoKBVBzisEuGWnNP8="
    }
  }
}
